
Microsoft Visual Studio Solution File, Format Version 12.00
Project("{FAE04EC0-301F-11D3-BF4B-00C04F79EFBC}") = "Domain", "Domain\Domain.csproj", "{E3D210B9-1B5E-4336-BC01-97B212E60739}"
EndProject
Project("{FAE04EC0-301F-11D3-BF4B-00C04F79EFBC}") = "Buscaminas", "Buscaminas\Buscaminas.csproj", "{527587DD-5160-437C-8E88-989EC652732F}"
EndProject
Project("{FAE04EC0-301F-11D3-BF4B-00C04F79EFBC}") = "BusinessLogic", "BusinessLogic\BusinessLogic.csproj", "{3BEC480C-B433-4972-84C7-1E148106C5A8}"
EndProject
Project("{FAE04EC0-301F-11D3-BF4B-00C04F79EFBC}") = "BusinessLogic.Test", "BusinessLogic.Test\BusinessLogic.Test.csproj", "{721FDB8F-B7BE-43AA-AD1D-411C1C2A4B56}"
EndProject
Global
	GlobalSection(SolutionConfigurationPlatforms) = preSolution
		Debug|Any CPU = Debug|Any CPU
		Release|Any CPU = Release|Any CPU
	EndGlobalSection
	GlobalSection(ProjectConfigurationPlatforms) = postSolution
		{E3D210B9-1B5E-4336-BC01-97B212E60739}.Debug|Any CPU.ActiveCfg = Debug|Any CPU
		{E3D210B9-1B5E-4336-BC01-97B212E60739}.Debug|Any CPU.Build.0 = Debug|Any CPU
		{E3D210B9-1B5E-4336-BC01-97B212E60739}.Release|Any CPU.ActiveCfg = Release|Any CPU
		{E3D210B9-1B5E-4336-BC01-97B212E60739}.Release|Any CPU.Build.0 = Release|Any CPU
		{527587DD-5160-437C-8E88-989EC652732F}.Debug|Any CPU.ActiveCfg = Debug|Any CPU
		{527587DD-5160-437C-8E88-989EC652732F}.Debug|Any CPU.Build.0 = Debug|Any CPU
		{527587DD-5160-437C-8E88-989EC652732F}.Release|Any CPU.ActiveCfg = Release|Any CPU
		{527587DD-5160-437C-8E88-989EC652732F}.Release|Any CPU.Build.0 = Release|Any CPU
		{3BEC480C-B433-4972-84C7-1E148106C5A8}.Debug|Any CPU.ActiveCfg = Debug|Any CPU
		{3BEC480C-B433-4972-84C7-1E148106C5A8}.Debug|Any CPU.Build.0 = Debug|Any CPU
		{3BEC480C-B433-4972-84C7-1E148106C5A8}.Release|Any CPU.ActiveCfg = Release|Any CPU
		{3BEC480C-B433-4972-84C7-1E148106C5A8}.Release|Any CPU.Build.0 = Release|Any CPU
		{721FDB8F-B7BE-43AA-AD1D-411C1C2A4B56}.Debug|Any CPU.ActiveCfg = Debug|Any CPU
		{721FDB8F-B7BE-43AA-AD1D-411C1C2A4B56}.Debug|Any CPU.Build.0 = Debug|Any CPU
		{721FDB8F-B7BE-43AA-AD1D-411C1C2A4B56}.Release|Any CPU.ActiveCfg = Release|Any CPU
		{721FDB8F-B7BE-43AA-AD1D-411C1C2A4B56}.Release|Any CPU.Build.0 = Release|Any CPU
	EndGlobalSection
EndGlobal
